
Microsoft Visual Studio Solution File, Format Version 12.00
# Visual Studio 2012
Project("{FAE04EC0-301F-11D3-BF4B-00C04F79EFBC}") = "TimetableSys_T17", "TimetableSys_T17\TimetableSys_T17.csproj", "{7ACED2B9-B827-423C-9DFD-66AB2877B1A6}"
EndProject
Global
	GlobalSection(SolutionConfigurationPlatforms) = preSolution
		Debug|Any CPU = Debug|Any CPU
		Release|Any CPU = Release|Any CPU
	EndGlobalSection
	GlobalSection(ProjectConfigurationPlatforms) = postSolution
		{7ACED2B9-B827-423C-9DFD-66AB2877B1A6}.Debug|Any CPU.ActiveCfg = Debug|Any CPU
		{7ACED2B9-B827-423C-9DFD-66AB2877B1A6}.Debug|Any CPU.Build.0 = Debug|Any CPU
		{7ACED2B9-B827-423C-9DFD-66AB2877B1A6}.Release|Any CPU.ActiveCfg = Release|Any CPU
		{7ACED2B9-B827-423C-9DFD-66AB2877B1A6}.Release|Any CPU.Build.0 = Release|Any CPU
	EndGlobalSection
	GlobalSection(SolutionProperties) = preSolution
		HideSolutionNode = FALSE
	EndGlobalSection
EndGlobal
